
Microsoft Visual Studio Solution File, Format Version 12.00
# Visual Studio 15
Project("{FAE04EC0-301F-11D3-BF4B-00C04F79EFBC}") = "Assembly-CSharp", "Assembly-CSharp.csproj", "{1A4E1D16-889C-8CC0-0862-16C4947CBBDA}"
EndProject
Project("{FAE04EC0-301F-11D3-BF4B-00C04F79EFBC}") = "NavMeshComponents", "NavMeshComponents.csproj", "{F3204A55-985B-7CFC-4A89-847E26CA7330}"
EndProject
Project("{FAE04EC0-301F-11D3-BF4B-00C04F79EFBC}") = "NavMeshComponentsEditor", "NavMeshComponentsEditor.csproj", "{61B70FA2-5067-FABA-8252-CD0D2CE89FD1}"
EndProject
Global
	GlobalSection(SolutionConfigurationPlatforms) = preSolution
		Debug|Any CPU = Debug|Any CPU
		Release|Any CPU = Release|Any CPU
	EndGlobalSection
	GlobalSection(ProjectConfigurationPlatforms) = postSolution
		{1A4E1D16-889C-8CC0-0862-16C4947CBBDA}.Debug|Any CPU.ActiveCfg = Debug|Any CPU
		{1A4E1D16-889C-8CC0-0862-16C4947CBBDA}.Debug|Any CPU.Build.0 = Debug|Any CPU
		{1A4E1D16-889C-8CC0-0862-16C4947CBBDA}.Release|Any CPU.ActiveCfg = Release|Any CPU
		{1A4E1D16-889C-8CC0-0862-16C4947CBBDA}.Release|Any CPU.Build.0 = Release|Any CPU
		{F3204A55-985B-7CFC-4A89-847E26CA7330}.Debug|Any CPU.ActiveCfg = Debug|Any CPU
		{F3204A55-985B-7CFC-4A89-847E26CA7330}.Debug|Any CPU.Build.0 = Debug|Any CPU
		{F3204A55-985B-7CFC-4A89-847E26CA7330}.Release|Any CPU.ActiveCfg = Release|Any CPU
		{F3204A55-985B-7CFC-4A89-847E26CA7330}.Release|Any CPU.Build.0 = Release|Any CPU
		{61B70FA2-5067-FABA-8252-CD0D2CE89FD1}.Debug|Any CPU.ActiveCfg = Debug|Any CPU
		{61B70FA2-5067-FABA-8252-CD0D2CE89FD1}.Debug|Any CPU.Build.0 = Debug|Any CPU
		{61B70FA2-5067-FABA-8252-CD0D2CE89FD1}.Release|Any CPU.ActiveCfg = Release|Any CPU
		{61B70FA2-5067-FABA-8252-CD0D2CE89FD1}.Release|Any CPU.Build.0 = Release|Any CPU
	EndGlobalSection
	GlobalSection(SolutionProperties) = preSolution
		HideSolutionNode = FALSE
	EndGlobalSection
EndGlobal
