
Microsoft Visual Studio Solution File, Format Version 12.00
# Visual Studio 15
Project("{FAE04EC0-301F-11D3-BF4B-00C04F79EFBC}") = "Assembly-CSharp", "Assembly-CSharp.csproj", "{CC668EE3-A2DE-4FC4-BD63-9A2272D29437}"
EndProject
Project("{FAE04EC0-301F-11D3-BF4B-00C04F79EFBC}") = "NavMeshComponents", "NavMeshComponents.csproj", "{43718C8D-BF93-6F3F-D950-0082E701FDB2}"
EndProject
Project("{FAE04EC0-301F-11D3-BF4B-00C04F79EFBC}") = "NavMeshComponentsEditor", "NavMeshComponentsEditor.csproj", "{6DB477E9-A6C6-5A61-5E1B-1729E36FF836}"
EndProject
Global
	GlobalSection(SolutionConfigurationPlatforms) = preSolution
		Debug|Any CPU = Debug|Any CPU
		Release|Any CPU = Release|Any CPU
	EndGlobalSection
	GlobalSection(ProjectConfigurationPlatforms) = postSolution
		{CC668EE3-A2DE-4FC4-BD63-9A2272D29437}.Debug|Any CPU.ActiveCfg = Debug|Any CPU
		{CC668EE3-A2DE-4FC4-BD63-9A2272D29437}.Debug|Any CPU.Build.0 = Debug|Any CPU
		{CC668EE3-A2DE-4FC4-BD63-9A2272D29437}.Release|Any CPU.ActiveCfg = Release|Any CPU
		{CC668EE3-A2DE-4FC4-BD63-9A2272D29437}.Release|Any CPU.Build.0 = Release|Any CPU
		{43718C8D-BF93-6F3F-D950-0082E701FDB2}.Debug|Any CPU.ActiveCfg = Debug|Any CPU
		{43718C8D-BF93-6F3F-D950-0082E701FDB2}.Debug|Any CPU.Build.0 = Debug|Any CPU
		{43718C8D-BF93-6F3F-D950-0082E701FDB2}.Release|Any CPU.ActiveCfg = Release|Any CPU
		{43718C8D-BF93-6F3F-D950-0082E701FDB2}.Release|Any CPU.Build.0 = Release|Any CPU
		{6DB477E9-A6C6-5A61-5E1B-1729E36FF836}.Debug|Any CPU.ActiveCfg = Debug|Any CPU
		{6DB477E9-A6C6-5A61-5E1B-1729E36FF836}.Debug|Any CPU.Build.0 = Debug|Any CPU
		{6DB477E9-A6C6-5A61-5E1B-1729E36FF836}.Release|Any CPU.ActiveCfg = Release|Any CPU
		{6DB477E9-A6C6-5A61-5E1B-1729E36FF836}.Release|Any CPU.Build.0 = Release|Any CPU
	EndGlobalSection
	GlobalSection(SolutionProperties) = preSolution
		HideSolutionNode = FALSE
	EndGlobalSection
EndGlobal
